{
  "version": 4,
  "terraform_version": "0.12.0",
  "serial": 23,
  "lineage": "ff51bb57-9fdf-aa89-cf9f-65b26774921c",
  "outputs": {},
  "resources": [
    {
      "mode": "managed",
      "type": "aws_api_gateway_deployment",
      "name": "augment-transaction",
      "provider": "provider.aws",
      "instances": [
        {
          "schema_version": 0,
          "attributes": {
            "created_date": "2019-05-24T16:32:52Z",
            "description": "",
            "execution_arn": "arn:aws:execute-api:eu-west-1:807690075977:48z6v3gz2m/test",
            "id": "wxn53w",
            "invoke_url": "https://48z6v3gz2m.execute-api.eu-west-1.amazonaws.com/test",
            "rest_api_id": "48z6v3gz2m",
            "stage_description": null,
            "stage_name": "test",
            "variables": null
          },
          "depends_on": [
            "aws_api_gateway_integration.lambda",
            "aws_api_gateway_integration.lambda_root",
            "aws_api_gateway_rest_api.augment-transaction"
          ]
        }
      ]
    },
    {
      "mode": "managed",
      "type": "aws_api_gateway_integration",
      "name": "lambda",
      "provider": "provider.aws",
      "instances": [
        {
          "schema_version": 0,
          "attributes": {
            "cache_key_parameters": null,
            "cache_namespace": "dg4wlq",
            "connection_id": "",
            "connection_type": "INTERNET",
            "content_handling": "",
            "credentials": "",
            "http_method": "ANY",
            "id": "agi-48z6v3gz2m-dg4wlq-ANY",
            "integration_http_method": "POST",
            "passthrough_behavior": "WHEN_NO_MATCH",
            "request_parameters": null,
            "request_parameters_in_json": null,
            "request_templates": null,
            "resource_id": "dg4wlq",
            "rest_api_id": "48z6v3gz2m",
            "timeout_milliseconds": 29000,
            "type": "AWS_PROXY",
            "uri": "arn:aws:apigateway:eu-west-1:lambda:path/2015-03-31/functions/arn:aws:lambda:eu-west-1:807690075977:function:augment-transaction/invocations"
          },
          "depends_on": [
            "aws_api_gateway_method.proxy",
            "aws_api_gateway_rest_api.augment-transaction",
            "aws_lambda_function.augment-transaction"
          ]
        }
      ]
    },
    {
      "mode": "managed",
      "type": "aws_api_gateway_integration",
      "name": "lambda_root",
      "provider": "provider.aws",
      "instances": [
        {
          "schema_version": 0,
          "attributes": {
            "cache_key_parameters": null,
            "cache_namespace": "8365wces3m",
            "connection_id": "",
            "connection_type": "INTERNET",
            "content_handling": "",
            "credentials": "",
            "http_method": "ANY",
            "id": "agi-48z6v3gz2m-8365wces3m-ANY",
            "integration_http_method": "POST",
            "passthrough_behavior": "WHEN_NO_MATCH",
            "request_parameters": null,
            "request_parameters_in_json": null,
            "request_templates": null,
            "resource_id": "8365wces3m",
            "rest_api_id": "48z6v3gz2m",
            "timeout_milliseconds": 29000,
            "type": "AWS_PROXY",
            "uri": "arn:aws:apigateway:eu-west-1:lambda:path/2015-03-31/functions/arn:aws:lambda:eu-west-1:807690075977:function:augment-transaction/invocations"
          },
          "depends_on": [
            "aws_api_gateway_method.proxy_root",
            "aws_api_gateway_rest_api.augment-transaction",
            "aws_lambda_function.augment-transaction"
          ]
        }
      ]
    },
    {
      "mode": "managed",
      "type": "aws_api_gateway_method",
      "name": "proxy",
      "provider": "provider.aws",
      "instances": [
        {
          "schema_version": 0,
          "attributes": {
            "api_key_required": false,
            "authorization": "NONE",
            "authorization_scopes": null,
            "authorizer_id": null,
            "http_method": "ANY",
            "id": "agm-48z6v3gz2m-dg4wlq-ANY",
            "request_models": null,
            "request_parameters": null,
            "request_parameters_in_json": null,
            "request_validator_id": null,
            "resource_id": "dg4wlq",
            "rest_api_id": "48z6v3gz2m"
          },
          "depends_on": [
            "aws_api_gateway_resource.proxy",
            "aws_api_gateway_rest_api.augment-transaction"
          ]
        }
      ]
    },
    {
      "mode": "managed",
      "type": "aws_api_gateway_method",
      "name": "proxy_root",
      "provider": "provider.aws",
      "instances": [
        {
          "schema_version": 0,
          "attributes": {
            "api_key_required": false,
            "authorization": "NONE",
            "authorization_scopes": null,
            "authorizer_id": null,
            "http_method": "ANY",
            "id": "agm-48z6v3gz2m-8365wces3m-ANY",
            "request_models": null,
            "request_parameters": null,
            "request_parameters_in_json": null,
            "request_validator_id": null,
            "resource_id": "8365wces3m",
            "rest_api_id": "48z6v3gz2m"
          },
          "depends_on": [
            "aws_api_gateway_rest_api.augment-transaction"
          ]
        }
      ]
    },
    {
      "mode": "managed",
      "type": "aws_api_gateway_resource",
      "name": "proxy",
      "provider": "provider.aws",
      "instances": [
        {
          "schema_version": 0,
          "attributes": {
            "id": "dg4wlq",
            "parent_id": "8365wces3m",
            "path": "/{proxy+}",
            "path_part": "{proxy+}",
            "rest_api_id": "48z6v3gz2m"
          },
          "depends_on": [
            "aws_api_gateway_rest_api.augment-transaction"
          ]
        }
      ]
    },
    {
      "mode": "managed",
      "type": "aws_api_gateway_rest_api",
      "name": "augment-transaction",
      "provider": "provider.aws",
      "instances": [
        {
          "schema_version": 0,
          "attributes": {
            "api_key_source": "HEADER",
            "binary_media_types": null,
            "body": null,
            "created_date": "2019-05-24T16:32:51Z",
            "description": "This is the description on a friday at 5.08pm",
            "endpoint_configuration": [
              {
                "types": [
                  "EDGE"
                ]
              }
            ],
            "execution_arn": "arn:aws:execute-api:eu-west-1:807690075977:48z6v3gz2m",
            "id": "48z6v3gz2m",
            "minimum_compression_size": -1,
            "name": "AugmentTransaction",
            "policy": "",
            "root_resource_id": "8365wces3m"
          }
        }
      ]
    },
    {
      "mode": "managed",
      "type": "aws_dynamodb_table",
      "name": "company-environmental-data",
      "provider": "provider.aws",
      "instances": [
        {
          "schema_version": 1,
          "attributes": {
            "arn": "arn:aws:dynamodb:eu-west-1:807690075977:table/company-environmental-data",
            "attribute": [
              {
                "name": "Certificate",
                "type": "N"
              },
              {
                "name": "Company",
                "type": "S"
              }
            ],
            "billing_mode": "PROVISIONED",
            "global_secondary_index": [],
            "hash_key": "Company",
            "id": "company-environmental-data",
            "local_secondary_index": [],
            "name": "company-environmental-data",
            "point_in_time_recovery": [
              {
                "enabled": false
              }
            ],
            "range_key": "Certificate",
            "read_capacity": 5,
            "server_side_encryption": [],
            "stream_arn": "",
            "stream_enabled": false,
            "stream_label": "",
            "stream_view_type": "",
            "tags": {},
            "timeouts": null,
            "ttl": [
              {
                "attribute_name": "",
                "enabled": false
              }
            ],
            "write_capacity": 5
          }
        }
      ]
    },
    {
      "mode": "managed",
      "type": "aws_iam_role",
      "name": "lambda-exec",
      "provider": "provider.aws",
      "instances": [
        {
          "schema_version": 0,
          "attributes": {
            "arn": "arn:aws:iam::807690075977:role/augment-transaction-lambda-role",
            "assume_role_policy": "{\"Version\":\"2012-10-17\",\"Statement\":[{\"Sid\":\"\",\"Effect\":\"Allow\",\"Principal\":{\"Service\":\"lambda.amazonaws.com\"},\"Action\":\"sts:AssumeRole\"}]}",
            "create_date": "2019-05-24T14:52:22Z",
            "description": "",
            "force_detach_policies": false,
            "id": "augment-transaction-lambda-role",
            "max_session_duration": 3600,
            "name": "augment-transaction-lambda-role",
            "name_prefix": null,
            "path": "/",
            "permissions_boundary": null,
            "tags": {},
            "unique_id": "AROA3YDQUP5EZUGC4Z5ZW"
          }
        }
      ]
    },
    {
      "mode": "managed",
      "type": "aws_iam_role_policy",
      "name": "dynamodb-lambda-policy",
      "provider": "provider.aws",
      "instances": [
        {
          "schema_version": 0,
          "attributes": {
            "id": "augment-transaction-lambda-role:dynamodb-lambda-policy",
            "name": "dynamodb-lambda-policy",
            "name_prefix": null,
            "policy": "{\n  \"Version\": \"2012-10-17\",\n  \"Statement\": [\n    {\n      \"Effect\": \"Allow\",\n      \"Action\": [\n        \"dynamodb:*\"\n      ],\n      \"Resource\": \"arn:aws:dynamodb:eu-west-1:807690075977:table/company-environmental-data\"\n    }\n  ]\n}\n",
            "role": "augment-transaction-lambda-role"
          },
          "depends_on": [
            "aws_dynamodb_table.company-environmental-data",
            "aws_iam_role.lambda-exec"
          ]
        }
      ]
    },
    {
      "mode": "managed",
      "type": "aws_lambda_function",
      "name": "augment-transaction",
      "provider": "provider.aws",
      "instances": [
        {
          "schema_version": 0,
          "attributes": {
            "arn": "arn:aws:lambda:eu-west-1:807690075977:function:augment-transaction",
            "dead_letter_config": [],
            "description": "",
            "environment": [],
            "filename": null,
            "function_name": "augment-transaction",
            "handler": "index.handler",
            "id": "augment-transaction",
            "invoke_arn": "arn:aws:apigateway:eu-west-1:lambda:path/2015-03-31/functions/arn:aws:lambda:eu-west-1:807690075977:function:augment-transaction/invocations",
            "kms_key_arn": "",
            "last_modified": "2019-05-24T15:53:43.334+0000",
            "layers": [],
            "memory_size": 128,
            "publish": false,
            "qualified_arn": "arn:aws:lambda:eu-west-1:807690075977:function:augment-transaction:$LATEST",
            "reserved_concurrent_executions": -1,
            "role": "arn:aws:iam::807690075977:role/augment-transaction-lambda-role",
            "runtime": "nodejs8.10",
            "s3_bucket": "augment-transaction-bucket",
            "s3_key": "augmentLambda.zip",
            "s3_object_version": null,
            "source_code_hash": "KnLkVkkJCyeMmi+SI7HMzMws9rh5l/VgkQw7Yg2TF8w=",
            "source_code_size": 565,
            "tags": {},
            "timeout": 3,
            "timeouts": null,
            "tracing_config": [
              {
                "mode": "PassThrough"
              }
            ],
            "version": "$LATEST",
            "vpc_config": []
          },
          "depends_on": [
            "aws_iam_role.lambda-exec"
          ]
        }
      ]
    },
    {
      "mode": "managed",
      "type": "aws_s3_bucket",
      "name": "augment-transaction-code-bucket",
      "provider": "provider.aws",
      "instances": [
        {
          "schema_version": 0,
          "attributes": {
            "acceleration_status": "",
            "acl": "private",
            "arn": "arn:aws:s3:::augment-transaction-bucket",
            "bucket": "augment-transaction-bucket",
            "bucket_domain_name": "augment-transaction-bucket.s3.amazonaws.com",
            "bucket_prefix": null,
            "bucket_regional_domain_name": "augment-transaction-bucket.s3.eu-west-1.amazonaws.com",
            "cors_rule": [],
            "force_destroy": false,
            "hosted_zone_id": "Z1BKCTXD74EZPE",
            "id": "augment-transaction-bucket",
            "lifecycle_rule": [],
            "logging": [],
            "object_lock_configuration": [],
            "policy": null,
            "region": "eu-west-1",
            "replication_configuration": [],
            "request_payer": "BucketOwner",
            "server_side_encryption_configuration": [],
            "tags": {},
            "versioning": [
              {
                "enabled": true,
                "mfa_delete": false
              }
            ],
            "website": [],
            "website_domain": null,
            "website_endpoint": null
          }
        }
      ]
    }
  ]
}
